
Microsoft Visual Studio Solution File, Format Version 12.00
# Visual Studio Version 17
VisualStudioVersion = 17.5.002.0
MinimumVisualStudioVersion = 10.0.40219.1
Project("{9A19103F-16F7-4668-BE54-9A1E7A4F7556}") = "PSMSAL", "PSMSAL.csproj", "{A2C28DDD-F0DB-4B7B-907D-AEF6D3E14A3B}"
EndProject
Global
	GlobalSection(SolutionConfigurationPlatforms) = preSolution
		Debug|Any CPU = Debug|Any CPU
		Release|Any CPU = Release|Any CPU
	EndGlobalSection
	GlobalSection(ProjectConfigurationPlatforms) = postSolution
		{A2C28DDD-F0DB-4B7B-907D-AEF6D3E14A3B}.Debug|Any CPU.ActiveCfg = Debug|Any CPU
		{A2C28DDD-F0DB-4B7B-907D-AEF6D3E14A3B}.Debug|Any CPU.Build.0 = Debug|Any CPU
		{A2C28DDD-F0DB-4B7B-907D-AEF6D3E14A3B}.Release|Any CPU.ActiveCfg = Release|Any CPU
		{A2C28DDD-F0DB-4B7B-907D-AEF6D3E14A3B}.Release|Any CPU.Build.0 = Release|Any CPU
	EndGlobalSection
	GlobalSection(SolutionProperties) = preSolution
		HideSolutionNode = FALSE
	EndGlobalSection
	GlobalSection(ExtensibilityGlobals) = postSolution
		SolutionGuid = {719F5750-4E2B-4963-8FDE-FF827E763E10}
	EndGlobalSection
EndGlobal
